
Microsoft Visual Studio Solution File, Format Version 12.00
# Visual Studio Version 17
VisualStudioVersion = 17.7.34202.233
MinimumVisualStudioVersion = 10.0.40219.1
Project("{FAE04EC0-301F-11D3-BF4B-00C04F79EFBC}") = "DemoProjectJwtToken", "DemoProjectJwtToken\DemoProjectJwtToken.csproj", "{C3F29F1A-9DD8-4A78-9181-73059CACDCD3}"
EndProject
Global
	GlobalSection(SolutionConfigurationPlatforms) = preSolution
		Debug|Any CPU = Debug|Any CPU
		Release|Any CPU = Release|Any CPU
	EndGlobalSection
	GlobalSection(ProjectConfigurationPlatforms) = postSolution
		{C3F29F1A-9DD8-4A78-9181-73059CACDCD3}.Debug|Any CPU.ActiveCfg = Debug|Any CPU
		{C3F29F1A-9DD8-4A78-9181-73059CACDCD3}.Debug|Any CPU.Build.0 = Debug|Any CPU
		{C3F29F1A-9DD8-4A78-9181-73059CACDCD3}.Release|Any CPU.ActiveCfg = Release|Any CPU
		{C3F29F1A-9DD8-4A78-9181-73059CACDCD3}.Release|Any CPU.Build.0 = Release|Any CPU
	EndGlobalSection
	GlobalSection(SolutionProperties) = preSolution
		HideSolutionNode = FALSE
	EndGlobalSection
	GlobalSection(ExtensibilityGlobals) = postSolution
		SolutionGuid = {D45E57FF-C469-4818-B971-65C4F64FDD07}
	EndGlobalSection
EndGlobal
